// !$*UTF8*$!
{
	archiveVersion = 1;
	classes = {
	};
	objectVersion = 50;
	objects = {

/* Begin PBXBuildFile section */
		EB8881902136749E00AFC78B /* Utils.m in Sources */ = {isa = PBXBuildFile; fileRef = EB88818F2136749E00AFC78B /* Utils.m */; };
		EBF70B0221356A8300D413FC /* AppDelegate.m in Sources */ = {isa = PBXBuildFile; fileRef = EBF70B0121356A8300D413FC /* AppDelegate.m */; };
		EBF70B0521356A8300D413FC /* ViewController.m in Sources */ = {isa = PBXBuildFile; fileRef = EBF70B0421356A8300D413FC /* ViewController.m */; };
		EBF70B0821356A8300D413FC /* Main.storyboard in Resources */ = {isa = PBXBuildFile; fileRef = EBF70B0621356A8300D413FC /* Main.storyboard */; };
		EBF70B0A21356A8500D413FC /* Assets.xcassets in Resources */ = {isa = PBXBuildFile; fileRef = EBF70B0921356A8500D413FC /* Assets.xcassets */; };
		EBF70B0D21356A8500D413FC /* LaunchScreen.storyboard in Resources */ = {isa = PBXBuildFile; fileRef = EBF70B0B21356A8500D413FC /* LaunchScreen.storyboard */; };
		EBF70B1021356A8500D413FC /* main.m in Sources */ = {isa = PBXBuildFile; fileRef = EBF70B0F21356A8500D413FC /* main.m */; };
		EBF70B1B21356B6300D413FC /* ECPopView.m in Sources */ = {isa = PBXBuildFile; fileRef = EBF70B1821356B6300D413FC /* ECPopView.m */; };
		EBF70B1E21356D3400D413FC /* UIKit.framework in Frameworks */ = {isa = PBXBuildFile; fileRef = EBF70B1D21356D3400D413FC /* UIKit.framework */; };
/* End PBXBuildFile section */

/* Begin PBXFileReference section */
		EB88818E2136749E00AFC78B /* Utils.h */ = {isa = PBXFileReference; lastKnownFileType = sourcecode.c.h; path = Utils.h; sourceTree = "<group>"; };
		EB88818F2136749E00AFC78B /* Utils.m */ = {isa = PBXFileReference; lastKnownFileType = sourcecode.c.objc; path = Utils.m; sourceTree = "<group>"; };
		EBF70AFD21356A8300D413FC /* ECPopView.app */ = {isa = PBXFileReference; explicitFileType = wrapper.application; includeInIndex = 0; path = ECPopView.app; sourceTree = BUILT_PRODUCTS_DIR; };
		EBF70B0021356A8300D413FC /* AppDelegate.h */ = {isa = PBXFileReference; lastKnownFileType = sourcecode.c.h; path = AppDelegate.h; sourceTree = "<group>"; };
		EBF70B0121356A8300D413FC /* AppDelegate.m */ = {isa = PBXFileReference; lastKnownFileType = sourcecode.c.objc; path = AppDelegate.m; sourceTree = "<group>"; };
		EBF70B0321356A8300D413FC /* ViewController.h */ = {isa = PBXFileReference; lastKnownFileType = sourcecode.c.h; path = ViewController.h; sourceTree = "<group>"; };
		EBF70B0421356A8300D413FC /* ViewController.m */ = {isa = PBXFileReference; lastKnownFileType = sourcecode.c.objc; path = ViewController.m; sourceTree = "<group>"; };
		EBF70B0721356A8300D413FC /* Base */ = {isa = PBXFileReference; lastKnownFileType = file.storyboard; name = Base; path = Base.lproj/Main.storyboard; sourceTree = "<group>"; };
		EBF70B0921356A8500D413FC /* Assets.xcassets */ = {isa = PBXFileReference; lastKnownFileType = folder.assetcatalog; path = Assets.xcassets; sourceTree = "<group>"; };
		EBF70B0C21356A8500D413FC /* Base */ = {isa = PBXFileReference; lastKnownFileType = file.storyboard; name = Base; path = Base.lproj/LaunchScreen.storyboard; sourceTree = "<group>"; };
		EBF70B0E21356A8500D413FC /* Info.plist */ = {isa = PBXFileReference; lastKnownFileType = text.plist.xml; path = Info.plist; sourceTree = "<group>"; };
		EBF70B0F21356A8500D413FC /* main.m */ = {isa = PBXFileReference; lastKnownFileType = sourcecode.c.objc; path = main.m; sourceTree = "<group>"; };
		EBF70B1821356B6300D413FC /* ECPopView.m */ = {isa = PBXFileReference; fileEncoding = 4; lastKnownFileType = sourcecode.c.objc; path = ECPopView.m; sourceTree = "<group>"; };
		EBF70B1921356B6300D413FC /* ECPopView.h */ = {isa = PBXFileReference; fileEncoding = 4; lastKnownFileType = sourcecode.c.h; path = ECPopView.h; sourceTree = "<group>"; };
		EBF70B1D21356D3400D413FC /* UIKit.framework */ = {isa = PBXFileReference; lastKnownFileType = wrapper.framework; name = UIKit.framework; path = System/Library/Frameworks/UIKit.framework; sourceTree = SDKROOT; };
/* End PBXFileReference section */

/* Begin PBXFrameworksBuildPhase section */
		EBF70AFA21356A8300D413FC /* Frameworks */ = {
			isa = PBXFrameworksBuildPhase;
			buildActionMask = 2147483647;
			files = (
				EBF70B1E21356D3400D413FC /* UIKit.framework in Frameworks */,
			);
			runOnlyForDeploymentPostprocessing = 0;
		};
/* End PBXFrameworksBuildPhase section */

/* Begin PBXGroup section */
		EBF70AF421356A8300D413FC = {
			isa = PBXGroup;
			children = (
				EBF70AFF21356A8300D413FC /* ECPopView */,
				EBF70B1621356B6300D413FC /* ECPopView */,
				EBF70AFE21356A8300D413FC /* Products */,
				EBF70B1C21356D3300D413FC /* Frameworks */,
			);
			sourceTree = "<group>";
		};
		EBF70AFE21356A8300D413FC /* Products */ = {
			isa = PBXGroup;
			children = (
				EBF70AFD21356A8300D413FC /* ECPopView.app */,
			);
			name = Products;
			sourceTree = "<group>";
		};
		EBF70AFF21356A8300D413FC /* ECPopView */ = {
			isa = PBXGroup;
			children = (
				EBF70B0021356A8300D413FC /* AppDelegate.h */,
				EBF70B0121356A8300D413FC /* AppDelegate.m */,
				EBF70B0321356A8300D413FC /* ViewController.h */,
				EBF70B0421356A8300D413FC /* ViewController.m */,
				EBF70B0621356A8300D413FC /* Main.storyboard */,
				EBF70B0921356A8500D413FC /* Assets.xcassets */,
				EBF70B0B21356A8500D413FC /* LaunchScreen.storyboard */,
				EBF70B0E21356A8500D413FC /* Info.plist */,
				EBF70B0F21356A8500D413FC /* main.m */,
				EB88818E2136749E00AFC78B /* Utils.h */,
				EB88818F2136749E00AFC78B /* Utils.m */,
			);
			path = ECPopView;
			sourceTree = "<group>";
		};
		EBF70B1621356B6300D413FC /* ECPopView */ = {
			isa = PBXGroup;
			children = (
				EBF70B1721356B6300D413FC /* Source */,
				EBF70B1A21356B6300D413FC /* Resource */,
			);
			name = ECPopView;
			path = ECPopView/ECPopView;
			sourceTree = "<group>";
		};
		EBF70B1721356B6300D413FC /* Source */ = {
			isa = PBXGroup;
			children = (
				EBF70B1921356B6300D413FC /* ECPopView.h */,
				EBF70B1821356B6300D413FC /* ECPopView.m */,
			);
			path = Source;
			sourceTree = "<group>";
		};
		EBF70B1A21356B6300D413FC /* Resource */ = {
			isa = PBXGroup;
			children = (
			);
			path = Resource;
			sourceTree = "<group>";
		};
		EBF70B1C21356D3300D413FC /* Frameworks */ = {
			isa = PBXGroup;
			children = (
				EBF70B1D21356D3400D413FC /* UIKit.framework */,
			);
			name = Frameworks;
			sourceTree = "<group>";
		};
/* End PBXGroup section */

/* Begin PBXNativeTarget section */
		EBF70AFC21356A8300D413FC /* ECPopView */ = {
			isa = PBXNativeTarget;
			buildConfigurationList = EBF70B1321356A8500D413FC /* Build configuration list for PBXNativeTarget "ECPopView" */;
			buildPhases = (
				EBF70AF921356A8300D413FC /* Sources */,
				EBF70AFA21356A8300D413FC /* Frameworks */,
				EBF70AFB21356A8300D413FC /* Resources */,
			);
			buildRules = (
			);
			dependencies = (
			);
			name = ECPopView;
			productName = ECPopView;
			productReference = EBF70AFD21356A8300D413FC /* ECPopView.app */;
			productType = "com.apple.product-type.application";
		};
/* End PBXNativeTarget section */

/* Begin PBXProject section */
		EBF70AF521356A8300D413FC /* Project object */ = {
			isa = PBXProject;
			attributes = {
				LastUpgradeCheck = 0930;
				ORGANIZATIONNAME = "张小伟";
				TargetAttributes = {
					EBF70AFC21356A8300D413FC = {
						CreatedOnToolsVersion = 9.3;
					};
				};
			};
			buildConfigurationList = EBF70AF821356A8300D413FC /* Build configuration list for PBXProject "ECPopView" */;
			compatibilityVersion = "Xcode 9.3";
			developmentRegion = en;
			hasScannedForEncodings = 0;
			knownRegions = (
				en,
				Base,
			);
			mainGroup = EBF70AF421356A8300D413FC;
			productRefGroup = EBF70AFE21356A8300D413FC /* Products */;
			projectDirPath = "";
			projectRoot = "";
			targets = (
				EBF70AFC21356A8300D413FC /* ECPopView */,
			);
		};
/* End PBXProject section */

/* Begin PBXResourcesBuildPhase section */
		EBF70AFB21356A8300D413FC /* Resources */ = {
			isa = PBXResourcesBuildPhase;
			buildActionMask = 2147483647;
			files = (
				EBF70B0D21356A8500D413FC /* LaunchScreen.storyboard in Resources */,
				EBF70B0A21356A8500D413FC /* Assets.xcassets in Resources */,
				EBF70B0821356A8300D413FC /* Main.storyboard in Resources */,
			);
			runOnlyForDeploymentPostprocessing = 0;
		};
/* End PBXResourcesBuildPhase section */

/* Begin PBXSourcesBuildPhase section */
		EBF70AF921356A8300D413FC /* Sources */ = {
			isa = PBXSourcesBuildPhase;
			buildActionMask = 2147483647;
			files = (
				EBF70B1B21356B6300D413FC /* ECPopView.m in Sources */,
				EBF70B0521356A8300D413FC /* ViewController.m in Sources */,
				EBF70B1021356A8500D413FC /* main.m in Sources */,
				EB8881902136749E00AFC78B /* Utils.m in Sources */,
				EBF70B0221356A8300D413FC /* AppDelegate.m in Sources */,
			);
			runOnlyForDeploymentPostprocessing = 0;
		};
/* End PBXSourcesBuildPhase section */

/* Begin PBXVariantGroup section */
		EBF70B0621356A8300D413FC /* Main.storyboard */ = {
			isa = PBXVariantGroup;
			children = (
				EBF70B0721356A8300D413FC /* Base */,
			);
			name = Main.storyboard;
			sourceTree = "<group>";
		};
		EBF70B0B21356A8500D413FC /* LaunchScreen.storyboard */ = {
			isa = PBXVariantGroup;
			children = (
				EBF70B0C21356A8500D413FC /* Base */,
			);
			name = LaunchScreen.storyboard;
			sourceTree = "<group>";
		};
/* End PBXVariantGroup section */

/* Begin XCBuildConfiguration section */
		EBF70B1121356A8500D413FC /* Debug */ = {
			isa = XCBuildConfiguration;
			buildSettings = {
				ALWAYS_SEARCH_USER_PATHS = NO;
				CLANG_ANALYZER_NONNULL = YES;
				CLANG_ANALYZER_NUMBER_OBJECT_CONVERSION = YES_AGGRESSIVE;
				CLANG_CXX_LANGUAGE_STANDARD = "gnu++14";
				CLANG_CXX_LIBRARY = "libc++";
				CLANG_ENABLE_MODULES = YES;
				CLANG_ENABLE_OBJC_ARC = YES;
				CLANG_ENABLE_OBJC_WEAK = YES;
				CLANG_WARN_BLOCK_CAPTURE_AUTORELEASING = YES;
				CLANG_WARN_BOOL_CONVERSION = YES;
				CLANG_WARN_COMMA = YES;
				CLANG_WARN_CONSTANT_CONVERSION = YES;
				CLANG_WARN_DEPRECATED_OBJC_IMPLEMENTATIONS = YES;
				CLANG_WARN_DIRECT_OBJC_ISA_USAGE = YES_ERROR;
				CLANG_WARN_DOCUMENTATION_COMMENTS = YES;
				CLANG_WARN_EMPTY_BODY = YES;
				CLANG_WARN_ENUM_CONVERSION = YES;
				CLANG_WARN_INFINITE_RECURSION = YES;
				CLANG_WARN_INT_CONVERSION = YES;
				CLANG_WARN_NON_LITERAL_NULL_CONVERSION = YES;
				CLANG_WARN_OBJC_IMPLICIT_RETAIN_SELF = YES;
				CLANG_WARN_OBJC_LITERAL_CONVERSION = YES;
				CLANG_WARN_OBJC_ROOT_CLASS = YES_ERROR;
				CLANG_WARN_RANGE_LOOP_ANALYSIS = YES;
				CLANG_WARN_STRICT_PROTOTYPES = YES;
				CLANG_WARN_SUSPICIOUS_MOVE = YES;
				CLANG_WARN_UNGUARDED_AVAILABILITY = YES_AGGRESSIVE;
				CLANG_WARN_UNREACHABLE_CODE = YES;
				CLANG_WARN__DUPLICATE_METHOD_MATCH = YES;
				CODE_SIGN_IDENTITY = "iPhone Developer";
				COPY_PHASE_STRIP = NO;
				DEBUG_INFORMATION_FORMAT = dwarf;
				ENABLE_STRICT_OBJC_MSGSEND = YES;
				ENABLE_TESTABILITY = YES;
				GCC_C_LANGUAGE_STANDARD = gnu11;
				GCC_DYNAMIC_NO_PIC = NO;
				GCC_NO_COMMON_BLOCKS = YES;
				GCC_OPTIMIZATION_LEVEL = 0;
				GCC_PREPROCESSOR_DEFINITIONS = (
					"DEBUG=1",
					"$(inherited)",
				);
				GCC_WARN_64_TO_32_BIT_CONVERSION = YES;
				GCC_WARN_ABOUT_RETURN_TYPE = YES_ERROR;
				GCC_WARN_UNDECLARED_SELECTOR = YES;
				GCC_WARN_UNINITIALIZED_AUTOS = YES_AGGRESSIVE;
				GCC_WARN_UNUSED_FUNCTION = YES;
				GCC_WARN_UNUSED_VARIABLE = YES;
				IPHONEOS_DEPLOYMENT_TARGET = 11.3;
				MTL_ENABLE_DEBUG_INFO = YES;
				ONLY_ACTIVE_ARCH = YES;
				SDKROOT = iphoneos;
			};
			name = Debug;
		};
		EBF70B1221356A8500D413FC /* Release */ = {
			isa = XCBuildConfiguration;
			buildSettings = {
				ALWAYS_SEARCH_USER_PATHS = NO;
				CLANG_ANALYZER_NONNULL = YES;
				CLANG_ANALYZER_NUMBER_OBJECT_CONVERSION = YES_AGGRESSIVE;
				CLANG_CXX_LANGUAGE_STANDARD = "gnu++14";
				CLANG_CXX_LIBRARY = "libc++";
				CLANG_ENABLE_MODULES = YES;
				CLANG_ENABLE_OBJC_ARC = YES;
				CLANG_ENABLE_OBJC_WEAK = YES;
				CLANG_WARN_BLOCK_CAPTURE_AUTORELEASING = YES;
				CLANG_WARN_BOOL_CONVERSION = YES;
				CLANG_WARN_COMMA = YES;
				CLANG_WARN_CONSTANT_CONVERSION = YES;
				CLANG_WARN_DEPRECATED_OBJC_IMPLEMENTATIONS = YES;
				CLANG_WARN_DIRECT_OBJC_ISA_USAGE = YES_ERROR;
				CLANG_WARN_DOCUMENTATION_COMMENTS = YES;
				CLANG_WARN_EMPTY_BODY = YES;
				CLANG_WARN_ENUM_CONVERSION = YES;
				CLANG_WARN_INFINITE_RECURSION = YES;
				CLANG_WARN_INT_CONVERSION = YES;
				CLANG_WARN_NON_LITERAL_NULL_CONVERSION = YES;
				CLANG_WARN_OBJC_IMPLICIT_RETAIN_SELF = YES;
				CLANG_WARN_OBJC_LITERAL_CONVERSION = YES;
				CLANG_WARN_OBJC_ROOT_CLASS = YES_ERROR;
				CLANG_WARN_RANGE_LOOP_ANALYSIS = YES;
				CLANG_WARN_STRICT_PROTOTYPES = YES;
				CLANG_WARN_SUSPICIOUS_MOVE = YES;
				CLANG_WARN_UNGUARDED_AVAILABILITY = YES_AGGRESSIVE;
				CLANG_WARN_UNREACHABLE_CODE = YES;
				CLANG_WARN__DUPLICATE_METHOD_MATCH = YES;
				CODE_SIGN_IDENTITY = "iPhone Developer";
				COPY_PHASE_STRIP = NO;
				DEBUG_INFORMATION_FORMAT = "dwarf-with-dsym";
				ENABLE_NS_ASSERTIONS = NO;
				ENABLE_STRICT_OBJC_MSGSEND = YES;
				GCC_C_LANGUAGE_STANDARD = gnu11;
				GCC_NO_COMMON_BLOCKS = YES;
				GCC_WARN_64_TO_32_BIT_CONVERSION = YES;
				GCC_WARN_ABOUT_RETURN_TYPE = YES_ERROR;
				GCC_WARN_UNDECLARED_SELECTOR = YES;
				GCC_WARN_UNINITIALIZED_AUTOS = YES_AGGRESSIVE;
				GCC_WARN_UNUSED_FUNCTION = YES;
				GCC_WARN_UNUSED_VARIABLE = YES;
				IPHONEOS_DEPLOYMENT_TARGET = 11.3;
				MTL_ENABLE_DEBUG_INFO = NO;
				SDKROOT = iphoneos;
				VALIDATE_PRODUCT = YES;
			};
			name = Release;
		};
		EBF70B1421356A8500D413FC /* Debug */ = {
			isa = XCBuildConfiguration;
			buildSettings = {
				ASSETCATALOG_COMPILER_APPICON_NAME = AppIcon;
				CODE_SIGN_STYLE = Automatic;
				DEVELOPMENT_TEAM = 5A7FVZRZ8Q;
				GCC_INPUT_FILETYPE = sourcecode.cpp.objcpp;
				INFOPLIST_FILE = ECPopView/Info.plist;
				IPHONEOS_DEPLOYMENT_TARGET = 9.0;
				LD_RUNPATH_SEARCH_PATHS = (
					"$(inherited)",
					"@executable_path/Frameworks",
				);
				ONLY_ACTIVE_ARCH = NO;
				PRODUCT_BUNDLE_IDENTIFIER = com.zxwcool.ECPopView;
				PRODUCT_NAME = "$(TARGET_NAME)";
				TARGETED_DEVICE_FAMILY = 1;
			};
			name = Debug;
		};
		EBF70B1521356A8500D413FC /* Release */ = {
			isa = XCBuildConfiguration;
			buildSettings = {
				ASSETCATALOG_COMPILER_APPICON_NAME = AppIcon;
				CODE_SIGN_STYLE = Automatic;
				DEVELOPMENT_TEAM = 5A7FVZRZ8Q;
				GCC_INPUT_FILETYPE = sourcecode.cpp.objcpp;
				INFOPLIST_FILE = ECPopView/Info.plist;
				IPHONEOS_DEPLOYMENT_TARGET = 9.0;
				LD_RUNPATH_SEARCH_PATHS = (
					"$(inherited)",
					"@executable_path/Frameworks",
				);
				ONLY_ACTIVE_ARCH = NO;
				PRODUCT_BUNDLE_IDENTIFIER = com.zxwcool.ECPopView;
				PRODUCT_NAME = "$(TARGET_NAME)";
				TARGETED_DEVICE_FAMILY = 1;
			};
			name = Release;
		};
/* End XCBuildConfiguration section */

/* Begin XCConfigurationList section */
		EBF70AF821356A8300D413FC /* Build configuration list for PBXProject "ECPopView" */ = {
			isa = XCConfigurationList;
			buildConfigurations = (
				EBF70B1121356A8500D413FC /* Debug */,
				EBF70B1221356A8500D413FC /* Release */,
			);
			defaultConfigurationIsVisible = 0;
			defaultConfigurationName = Release;
		};
		EBF70B1321356A8500D413FC /* Build configuration list for PBXNativeTarget "ECPopView" */ = {
			isa = XCConfigurationList;
			buildConfigurations = (
				EBF70B1421356A8500D413FC /* Debug */,
				EBF70B1521356A8500D413FC /* Release */,
			);
			defaultConfigurationIsVisible = 0;
			defaultConfigurationName = Release;
		};
/* End XCConfigurationList section */
	};
	rootObject = EBF70AF521356A8300D413FC /* Project object */;
}
